
Microsoft Visual Studio Solution File, Format Version 12.00
# Visual Studio Version 17
VisualStudioVersion = 17.6.33829.357
MinimumVisualStudioVersion = 10.0.40219.1
Project("{FAE04EC0-301F-11D3-BF4B-00C04F79EFBC}") = "ConsoleApp2", "ConsoleApp2\ConsoleApp2.csproj", "{9AF201DC-A73E-4D9F-BFB5-E30F9266AA2D}"
EndProject
Project("{FAE04EC0-301F-11D3-BF4B-00C04F79EFBC}") = "StudentAndTeacherTest", "StudentAndTeacherTest\StudentAndTeacherTest.csproj", "{1C46A7AD-9423-46B3-B76F-E54EC7474F85}"
EndProject
Project("{FAE04EC0-301F-11D3-BF4B-00C04F79EFBC}") = "test_pr1", "test_pr1\test_pr1.csproj", "{1E80968A-DC13-469F-B85D-17BC90E75439}"
EndProject
Project("{FAE04EC0-301F-11D3-BF4B-00C04F79EFBC}") = "test_pr3", "test_pr3\test_pr3.csproj", "{4540652B-4C04-4081-A90A-4ABF191CBF5B}"
EndProject
Project("{FAE04EC0-301F-11D3-BF4B-00C04F79EFBC}") = "practicepro", "practicepro\practicepro.csproj", "{5E39B04C-E638-47E0-BB54-F18BD81F45A6}"
EndProject
Project("{FAE04EC0-301F-11D3-BF4B-00C04F79EFBC}") = "practice_por2", "practice_por2\practice_por2.csproj", "{C9B9A709-FC3C-402A-B0ED-9C0E373BF93B}"
EndProject
Global
	GlobalSection(SolutionConfigurationPlatforms) = preSolution
		Debug|Any CPU = Debug|Any CPU
		Release|Any CPU = Release|Any CPU
	EndGlobalSection
	GlobalSection(ProjectConfigurationPlatforms) = postSolution
		{9AF201DC-A73E-4D9F-BFB5-E30F9266AA2D}.Debug|Any CPU.ActiveCfg = Debug|Any CPU
		{9AF201DC-A73E-4D9F-BFB5-E30F9266AA2D}.Debug|Any CPU.Build.0 = Debug|Any CPU
		{9AF201DC-A73E-4D9F-BFB5-E30F9266AA2D}.Release|Any CPU.ActiveCfg = Release|Any CPU
		{9AF201DC-A73E-4D9F-BFB5-E30F9266AA2D}.Release|Any CPU.Build.0 = Release|Any CPU
		{1C46A7AD-9423-46B3-B76F-E54EC7474F85}.Debug|Any CPU.ActiveCfg = Debug|Any CPU
		{1C46A7AD-9423-46B3-B76F-E54EC7474F85}.Debug|Any CPU.Build.0 = Debug|Any CPU
		{1C46A7AD-9423-46B3-B76F-E54EC7474F85}.Release|Any CPU.ActiveCfg = Release|Any CPU
		{1C46A7AD-9423-46B3-B76F-E54EC7474F85}.Release|Any CPU.Build.0 = Release|Any CPU
		{1E80968A-DC13-469F-B85D-17BC90E75439}.Debug|Any CPU.ActiveCfg = Debug|Any CPU
		{1E80968A-DC13-469F-B85D-17BC90E75439}.Debug|Any CPU.Build.0 = Debug|Any CPU
		{1E80968A-DC13-469F-B85D-17BC90E75439}.Release|Any CPU.ActiveCfg = Release|Any CPU
		{1E80968A-DC13-469F-B85D-17BC90E75439}.Release|Any CPU.Build.0 = Release|Any CPU
		{4540652B-4C04-4081-A90A-4ABF191CBF5B}.Debug|Any CPU.ActiveCfg = Debug|Any CPU
		{4540652B-4C04-4081-A90A-4ABF191CBF5B}.Debug|Any CPU.Build.0 = Debug|Any CPU
		{4540652B-4C04-4081-A90A-4ABF191CBF5B}.Release|Any CPU.ActiveCfg = Release|Any CPU
		{4540652B-4C04-4081-A90A-4ABF191CBF5B}.Release|Any CPU.Build.0 = Release|Any CPU
		{5E39B04C-E638-47E0-BB54-F18BD81F45A6}.Debug|Any CPU.ActiveCfg = Debug|Any CPU
		{5E39B04C-E638-47E0-BB54-F18BD81F45A6}.Debug|Any CPU.Build.0 = Debug|Any CPU
		{5E39B04C-E638-47E0-BB54-F18BD81F45A6}.Release|Any CPU.ActiveCfg = Release|Any CPU
		{5E39B04C-E638-47E0-BB54-F18BD81F45A6}.Release|Any CPU.Build.0 = Release|Any CPU
		{C9B9A709-FC3C-402A-B0ED-9C0E373BF93B}.Debug|Any CPU.ActiveCfg = Debug|Any CPU
		{C9B9A709-FC3C-402A-B0ED-9C0E373BF93B}.Debug|Any CPU.Build.0 = Debug|Any CPU
		{C9B9A709-FC3C-402A-B0ED-9C0E373BF93B}.Release|Any CPU.ActiveCfg = Release|Any CPU
		{C9B9A709-FC3C-402A-B0ED-9C0E373BF93B}.Release|Any CPU.Build.0 = Release|Any CPU
	EndGlobalSection
	GlobalSection(SolutionProperties) = preSolution
		HideSolutionNode = FALSE
	EndGlobalSection
	GlobalSection(ExtensibilityGlobals) = postSolution
		SolutionGuid = {E87B4B99-8F2A-4FB4-8709-54C6992CAE69}
	EndGlobalSection
EndGlobal
